
Microsoft Visual Studio Solution File, Format Version 12.00
# Visual Studio 15
VisualStudioVersion = 15.0.27703.2042
MinimumVisualStudioVersion = 10.0.40219.1
Project("{FAE04EC0-301F-11D3-BF4B-00C04F79EFBC}") = "SeedAPI.Web.API", "SeedAPI.Web.API\SeedAPI.Web.API.csproj", "{24025C67-17AA-4720-9528-CCD2EDDFCFD0}"
EndProject
Project("{FAE04EC0-301F-11D3-BF4B-00C04F79EFBC}") = "SeedAPI.ViewModels", "SeedAPI.ViewModels\SeedAPI.ViewModels.csproj", "{5EF22FFD-D6F9-40EC-A1BF-12026D431D89}"
EndProject
Project("{FAE04EC0-301F-11D3-BF4B-00C04F79EFBC}") = "SeedAPI.Services", "SeedAPI.Services\SeedAPI.Services.csproj", "{6176518A-D542-41B6-B5ED-76AE8ECBFC29}"
EndProject
Project("{FAE04EC0-301F-11D3-BF4B-00C04F79EFBC}") = "SeedAPI.Repositories", "SeedAPI.Repositories\SeedAPI.Repositories.csproj", "{EE669273-26A0-496E-A219-BB0B1C713C81}"
EndProject
Project("{FAE04EC0-301F-11D3-BF4B-00C04F79EFBC}") = "SeedAPI.Models", "SeedAPI.Models\SeedAPI.Models.csproj", "{EC8C767E-BF7A-4AAF-81DA-D5FE70F3EB3C}"
EndProject
Project("{FAE04EC0-301F-11D3-BF4B-00C04F79EFBC}") = "SeedAPI.Maps", "SeedAPI.Maps\SeedAPI.Maps.csproj", "{3B2AEEBF-444A-424F-836A-4DC5C9F94ED8}"
EndProject
Project("{FAE04EC0-301F-11D3-BF4B-00C04F79EFBC}") = "SeedAPI.Common", "SeedAPI.Common\SeedAPI.Common.csproj", "{7F90622B-B2C7-4BD6-9C6A-32B11C2B63B2}"
EndProject
Global
	GlobalSection(SolutionConfigurationPlatforms) = preSolution
		Debug|Any CPU = Debug|Any CPU
		Release|Any CPU = Release|Any CPU
	EndGlobalSection
	GlobalSection(ProjectConfigurationPlatforms) = postSolution
		{24025C67-17AA-4720-9528-CCD2EDDFCFD0}.Debug|Any CPU.ActiveCfg = Debug|Any CPU
		{24025C67-17AA-4720-9528-CCD2EDDFCFD0}.Debug|Any CPU.Build.0 = Debug|Any CPU
		{24025C67-17AA-4720-9528-CCD2EDDFCFD0}.Release|Any CPU.ActiveCfg = Release|Any CPU
		{24025C67-17AA-4720-9528-CCD2EDDFCFD0}.Release|Any CPU.Build.0 = Release|Any CPU
		{5EF22FFD-D6F9-40EC-A1BF-12026D431D89}.Debug|Any CPU.ActiveCfg = Debug|Any CPU
		{5EF22FFD-D6F9-40EC-A1BF-12026D431D89}.Debug|Any CPU.Build.0 = Debug|Any CPU
		{5EF22FFD-D6F9-40EC-A1BF-12026D431D89}.Release|Any CPU.ActiveCfg = Release|Any CPU
		{5EF22FFD-D6F9-40EC-A1BF-12026D431D89}.Release|Any CPU.Build.0 = Release|Any CPU
		{6176518A-D542-41B6-B5ED-76AE8ECBFC29}.Debug|Any CPU.ActiveCfg = Debug|Any CPU
		{6176518A-D542-41B6-B5ED-76AE8ECBFC29}.Debug|Any CPU.Build.0 = Debug|Any CPU
		{6176518A-D542-41B6-B5ED-76AE8ECBFC29}.Release|Any CPU.ActiveCfg = Release|Any CPU
		{6176518A-D542-41B6-B5ED-76AE8ECBFC29}.Release|Any CPU.Build.0 = Release|Any CPU
		{EE669273-26A0-496E-A219-BB0B1C713C81}.Debug|Any CPU.ActiveCfg = Debug|Any CPU
		{EE669273-26A0-496E-A219-BB0B1C713C81}.Debug|Any CPU.Build.0 = Debug|Any CPU
		{EE669273-26A0-496E-A219-BB0B1C713C81}.Release|Any CPU.ActiveCfg = Release|Any CPU
		{EE669273-26A0-496E-A219-BB0B1C713C81}.Release|Any CPU.Build.0 = Release|Any CPU
		{EC8C767E-BF7A-4AAF-81DA-D5FE70F3EB3C}.Debug|Any CPU.ActiveCfg = Debug|Any CPU
		{EC8C767E-BF7A-4AAF-81DA-D5FE70F3EB3C}.Debug|Any CPU.Build.0 = Debug|Any CPU
		{EC8C767E-BF7A-4AAF-81DA-D5FE70F3EB3C}.Release|Any CPU.ActiveCfg = Release|Any CPU
		{EC8C767E-BF7A-4AAF-81DA-D5FE70F3EB3C}.Release|Any CPU.Build.0 = Release|Any CPU
		{3B2AEEBF-444A-424F-836A-4DC5C9F94ED8}.Debug|Any CPU.ActiveCfg = Debug|Any CPU
		{3B2AEEBF-444A-424F-836A-4DC5C9F94ED8}.Debug|Any CPU.Build.0 = Debug|Any CPU
		{3B2AEEBF-444A-424F-836A-4DC5C9F94ED8}.Release|Any CPU.ActiveCfg = Release|Any CPU
		{3B2AEEBF-444A-424F-836A-4DC5C9F94ED8}.Release|Any CPU.Build.0 = Release|Any CPU
		{7F90622B-B2C7-4BD6-9C6A-32B11C2B63B2}.Debug|Any CPU.ActiveCfg = Debug|Any CPU
		{7F90622B-B2C7-4BD6-9C6A-32B11C2B63B2}.Debug|Any CPU.Build.0 = Debug|Any CPU
		{7F90622B-B2C7-4BD6-9C6A-32B11C2B63B2}.Release|Any CPU.ActiveCfg = Release|Any CPU
		{7F90622B-B2C7-4BD6-9C6A-32B11C2B63B2}.Release|Any CPU.Build.0 = Release|Any CPU
	EndGlobalSection
	GlobalSection(SolutionProperties) = preSolution
		HideSolutionNode = FALSE
	EndGlobalSection
	GlobalSection(ExtensibilityGlobals) = postSolution
		SolutionGuid = {43A7E290-0AB9-4D17-A112-7306BB88183F}
	EndGlobalSection
EndGlobal
